{
    "requires": true,
    "lockfileVersion": 1,
    "dependencies": {
        "camelcase": {
            "version": "1.2.1",
            "resolved": "http://registry.npm.taobao.org/camelcase/download/camelcase-1.2.1.tgz",
            "integrity": "sha1-m7UwTS4LVmmLLHWLCKPqqdqlijk="
        },
        "de-indent": {
            "version": "1.0.2",
            "resolved": "http://registry.npm.taobao.org/de-indent/download/de-indent-1.0.2.tgz",
            "integrity": "sha1-sgOOhG3DO6pXlhKNCAS0VbjB4h0=",
            "dev": true
        },
        "he": {
            "version": "1.1.1",
            "resolved": "http://registry.npm.taobao.org/he/download/he-1.1.1.tgz",
            "integrity": "sha1-k0EP0hsAlzUVH4howvJx80J+I/0=",
            "dev": true
        },
        "uppercamelcase": {
            "version": "1.1.0",
            "resolved": "http://registry.npm.taobao.org/uppercamelcase/download/uppercamelcase-1.1.0.tgz",
            "integrity": "sha1-Mk2YprOvx+iolT4QZBUJsOTiP5c=",
            "requires": {
                "camelcase": "1.2.1"
            }
        },
        "vue-amap": {
            "version": "0.4.3",
            "resolved": "http://registry.npm.taobao.org/vue-amap/download/vue-amap-0.4.3.tgz",
            "integrity": "sha1-5hNNooFSNnvNN63FwsA5iHvNtWE=",
            "requires": {
                "uppercamelcase": "1.1.0"
            }
        },
        "vue-template-compiler": {
            "version": "2.5.9",
            "resolved": "http://registry.npm.taobao.org/vue-template-compiler/download/vue-template-compiler-2.5.9.tgz",
            "integrity": "sha1-f6vHPI09EtMjQM2Gxfwz4A6G1oY=",
            "dev": true,
            "requires": {
                "de-indent": "1.0.2",
                "he": "1.1.1"
            }
        }
    }
}
